
Microsoft Visual Studio Solution File, Format Version 12.00
# Visual Studio 2012
Project("{FAE04EC0-301F-11D3-BF4B-00C04F79EFBC}") = "PE1", "PE1\PE1\PE1.csproj", "{05758B8E-8104-44B8-8A75-8404EAA9BFEB}"
EndProject
Project("{FAE04EC0-301F-11D3-BF4B-00C04F79EFBC}") = "PE2", "PE2\PE2\PE2.csproj", "{CF17A31F-E280-41D5-937B-88E9FAD60FA4}"
EndProject
Project("{FAE04EC0-301F-11D3-BF4B-00C04F79EFBC}") = "PE3", "PE3\PE3\PE3.csproj", "{B6A85129-E8AA-4DED-9F00-EE185EA4D417}"
EndProject
Project("{FAE04EC0-301F-11D3-BF4B-00C04F79EFBC}") = "PE3v2", "PE3v2\PE3v2\PE3v2.csproj", "{D983D5B0-E737-404E-8136-729A504A830A}"
EndProject
Project("{FAE04EC0-301F-11D3-BF4B-00C04F79EFBC}") = "PE3v3", "PE3v3\PE3v3\PE3v3.csproj", "{27AAD5B3-EEE4-45B6-8CB1-C6C6289785E9}"
EndProject
Project("{FAE04EC0-301F-11D3-BF4B-00C04F79EFBC}") = "PE3v4", "PE3v4\PE3v4\PE3v4.csproj", "{DB8DED5D-FBC0-4B9D-BB04-757300A1B19C}"
EndProject
Project("{FAE04EC0-301F-11D3-BF4B-00C04F79EFBC}") = "PE7", "PE7\PE7\PE7.csproj", "{6D298CAD-31D7-41D4-91BC-D71D3112D845}"
EndProject
Project("{FAE04EC0-301F-11D3-BF4B-00C04F79EFBC}") = "PE8", "PE8\PE8\PE8.csproj", "{B9D779ED-042E-4D53-AFD6-9CF7F9AEE67F}"
EndProject
Project("{FAE04EC0-301F-11D3-BF4B-00C04F79EFBC}") = "PE9", "PE9\PE9\PE9.csproj", "{3EABA44C-4816-406F-A85C-CEE8A3B4B389}"
EndProject
Project("{FAE04EC0-301F-11D3-BF4B-00C04F79EFBC}") = "PE10", "PE10\PE10\PE10.csproj", "{898E733D-C69D-492D-BCCC-A00C46935BEC}"
EndProject
Project("{FAE04EC0-301F-11D3-BF4B-00C04F79EFBC}") = "PE11", "PE11\PE11\PE11.csproj", "{6258F9FE-F399-4F11-932F-B5E6F51CFC23}"
EndProject
Project("{FAE04EC0-301F-11D3-BF4B-00C04F79EFBC}") = "MyMathFunctions", "..\lib\MyMathFunctions\MyMathFunctions.csproj", "{748E1E60-AA5B-42D1-9908-3995BBB4BE4B}"
EndProject
Global
	GlobalSection(SolutionConfigurationPlatforms) = preSolution
		Debug|Any CPU = Debug|Any CPU
		Debug|Mixed Platforms = Debug|Mixed Platforms
		Debug|x86 = Debug|x86
		Release|Any CPU = Release|Any CPU
		Release|Mixed Platforms = Release|Mixed Platforms
		Release|x86 = Release|x86
	EndGlobalSection
	GlobalSection(ProjectConfigurationPlatforms) = postSolution
		{05758B8E-8104-44B8-8A75-8404EAA9BFEB}.Debug|Any CPU.ActiveCfg = Debug|x86
		{05758B8E-8104-44B8-8A75-8404EAA9BFEB}.Debug|Mixed Platforms.ActiveCfg = Debug|x86
		{05758B8E-8104-44B8-8A75-8404EAA9BFEB}.Debug|Mixed Platforms.Build.0 = Debug|x86
		{05758B8E-8104-44B8-8A75-8404EAA9BFEB}.Debug|x86.ActiveCfg = Debug|x86
		{05758B8E-8104-44B8-8A75-8404EAA9BFEB}.Debug|x86.Build.0 = Debug|x86
		{05758B8E-8104-44B8-8A75-8404EAA9BFEB}.Release|Any CPU.ActiveCfg = Release|x86
		{05758B8E-8104-44B8-8A75-8404EAA9BFEB}.Release|Mixed Platforms.ActiveCfg = Release|x86
		{05758B8E-8104-44B8-8A75-8404EAA9BFEB}.Release|Mixed Platforms.Build.0 = Release|x86
		{05758B8E-8104-44B8-8A75-8404EAA9BFEB}.Release|x86.ActiveCfg = Release|x86
		{05758B8E-8104-44B8-8A75-8404EAA9BFEB}.Release|x86.Build.0 = Release|x86
		{CF17A31F-E280-41D5-937B-88E9FAD60FA4}.Debug|Any CPU.ActiveCfg = Debug|x86
		{CF17A31F-E280-41D5-937B-88E9FAD60FA4}.Debug|Mixed Platforms.ActiveCfg = Debug|x86
		{CF17A31F-E280-41D5-937B-88E9FAD60FA4}.Debug|Mixed Platforms.Build.0 = Debug|x86
		{CF17A31F-E280-41D5-937B-88E9FAD60FA4}.Debug|x86.ActiveCfg = Debug|x86
		{CF17A31F-E280-41D5-937B-88E9FAD60FA4}.Debug|x86.Build.0 = Debug|x86
		{CF17A31F-E280-41D5-937B-88E9FAD60FA4}.Release|Any CPU.ActiveCfg = Release|x86
		{CF17A31F-E280-41D5-937B-88E9FAD60FA4}.Release|Mixed Platforms.ActiveCfg = Release|x86
		{CF17A31F-E280-41D5-937B-88E9FAD60FA4}.Release|Mixed Platforms.Build.0 = Release|x86
		{CF17A31F-E280-41D5-937B-88E9FAD60FA4}.Release|x86.ActiveCfg = Release|x86
		{CF17A31F-E280-41D5-937B-88E9FAD60FA4}.Release|x86.Build.0 = Release|x86
		{B6A85129-E8AA-4DED-9F00-EE185EA4D417}.Debug|Any CPU.ActiveCfg = Debug|x86
		{B6A85129-E8AA-4DED-9F00-EE185EA4D417}.Debug|Mixed Platforms.ActiveCfg = Debug|x86
		{B6A85129-E8AA-4DED-9F00-EE185EA4D417}.Debug|Mixed Platforms.Build.0 = Debug|x86
		{B6A85129-E8AA-4DED-9F00-EE185EA4D417}.Debug|x86.ActiveCfg = Debug|x86
		{B6A85129-E8AA-4DED-9F00-EE185EA4D417}.Debug|x86.Build.0 = Debug|x86
		{B6A85129-E8AA-4DED-9F00-EE185EA4D417}.Release|Any CPU.ActiveCfg = Release|x86
		{B6A85129-E8AA-4DED-9F00-EE185EA4D417}.Release|Mixed Platforms.ActiveCfg = Release|x86
		{B6A85129-E8AA-4DED-9F00-EE185EA4D417}.Release|Mixed Platforms.Build.0 = Release|x86
		{B6A85129-E8AA-4DED-9F00-EE185EA4D417}.Release|x86.ActiveCfg = Release|x86
		{B6A85129-E8AA-4DED-9F00-EE185EA4D417}.Release|x86.Build.0 = Release|x86
		{D983D5B0-E737-404E-8136-729A504A830A}.Debug|Any CPU.ActiveCfg = Debug|x86
		{D983D5B0-E737-404E-8136-729A504A830A}.Debug|Mixed Platforms.ActiveCfg = Debug|x86
		{D983D5B0-E737-404E-8136-729A504A830A}.Debug|Mixed Platforms.Build.0 = Debug|x86
		{D983D5B0-E737-404E-8136-729A504A830A}.Debug|x86.ActiveCfg = Debug|x86
		{D983D5B0-E737-404E-8136-729A504A830A}.Debug|x86.Build.0 = Debug|x86
		{D983D5B0-E737-404E-8136-729A504A830A}.Release|Any CPU.ActiveCfg = Release|x86
		{D983D5B0-E737-404E-8136-729A504A830A}.Release|Mixed Platforms.ActiveCfg = Release|x86
		{D983D5B0-E737-404E-8136-729A504A830A}.Release|Mixed Platforms.Build.0 = Release|x86
		{D983D5B0-E737-404E-8136-729A504A830A}.Release|x86.ActiveCfg = Release|x86
		{D983D5B0-E737-404E-8136-729A504A830A}.Release|x86.Build.0 = Release|x86
		{27AAD5B3-EEE4-45B6-8CB1-C6C6289785E9}.Debug|Any CPU.ActiveCfg = Debug|x86
		{27AAD5B3-EEE4-45B6-8CB1-C6C6289785E9}.Debug|Mixed Platforms.ActiveCfg = Debug|x86
		{27AAD5B3-EEE4-45B6-8CB1-C6C6289785E9}.Debug|Mixed Platforms.Build.0 = Debug|x86
		{27AAD5B3-EEE4-45B6-8CB1-C6C6289785E9}.Debug|x86.ActiveCfg = Debug|x86
		{27AAD5B3-EEE4-45B6-8CB1-C6C6289785E9}.Debug|x86.Build.0 = Debug|x86
		{27AAD5B3-EEE4-45B6-8CB1-C6C6289785E9}.Release|Any CPU.ActiveCfg = Release|x86
		{27AAD5B3-EEE4-45B6-8CB1-C6C6289785E9}.Release|Mixed Platforms.ActiveCfg = Release|x86
		{27AAD5B3-EEE4-45B6-8CB1-C6C6289785E9}.Release|Mixed Platforms.Build.0 = Release|x86
		{27AAD5B3-EEE4-45B6-8CB1-C6C6289785E9}.Release|x86.ActiveCfg = Release|x86
		{27AAD5B3-EEE4-45B6-8CB1-C6C6289785E9}.Release|x86.Build.0 = Release|x86
		{DB8DED5D-FBC0-4B9D-BB04-757300A1B19C}.Debug|Any CPU.ActiveCfg = Debug|x86
		{DB8DED5D-FBC0-4B9D-BB04-757300A1B19C}.Debug|Mixed Platforms.ActiveCfg = Debug|x86
		{DB8DED5D-FBC0-4B9D-BB04-757300A1B19C}.Debug|Mixed Platforms.Build.0 = Debug|x86
		{DB8DED5D-FBC0-4B9D-BB04-757300A1B19C}.Debug|x86.ActiveCfg = Debug|x86
		{DB8DED5D-FBC0-4B9D-BB04-757300A1B19C}.Debug|x86.Build.0 = Debug|x86
		{DB8DED5D-FBC0-4B9D-BB04-757300A1B19C}.Release|Any CPU.ActiveCfg = Release|x86
		{DB8DED5D-FBC0-4B9D-BB04-757300A1B19C}.Release|Mixed Platforms.ActiveCfg = Release|x86
		{DB8DED5D-FBC0-4B9D-BB04-757300A1B19C}.Release|Mixed Platforms.Build.0 = Release|x86
		{DB8DED5D-FBC0-4B9D-BB04-757300A1B19C}.Release|x86.ActiveCfg = Release|x86
		{DB8DED5D-FBC0-4B9D-BB04-757300A1B19C}.Release|x86.Build.0 = Release|x86
		{6D298CAD-31D7-41D4-91BC-D71D3112D845}.Debug|Any CPU.ActiveCfg = Debug|x86
		{6D298CAD-31D7-41D4-91BC-D71D3112D845}.Debug|Mixed Platforms.ActiveCfg = Debug|x86
		{6D298CAD-31D7-41D4-91BC-D71D3112D845}.Debug|Mixed Platforms.Build.0 = Debug|x86
		{6D298CAD-31D7-41D4-91BC-D71D3112D845}.Debug|x86.ActiveCfg = Debug|x86
		{6D298CAD-31D7-41D4-91BC-D71D3112D845}.Debug|x86.Build.0 = Debug|x86
		{6D298CAD-31D7-41D4-91BC-D71D3112D845}.Release|Any CPU.ActiveCfg = Release|x86
		{6D298CAD-31D7-41D4-91BC-D71D3112D845}.Release|Mixed Platforms.ActiveCfg = Release|x86
		{6D298CAD-31D7-41D4-91BC-D71D3112D845}.Release|Mixed Platforms.Build.0 = Release|x86
		{6D298CAD-31D7-41D4-91BC-D71D3112D845}.Release|x86.ActiveCfg = Release|x86
		{6D298CAD-31D7-41D4-91BC-D71D3112D845}.Release|x86.Build.0 = Release|x86
		{B9D779ED-042E-4D53-AFD6-9CF7F9AEE67F}.Debug|Any CPU.ActiveCfg = Debug|x86
		{B9D779ED-042E-4D53-AFD6-9CF7F9AEE67F}.Debug|Mixed Platforms.ActiveCfg = Debug|x86
		{B9D779ED-042E-4D53-AFD6-9CF7F9AEE67F}.Debug|Mixed Platforms.Build.0 = Debug|x86
		{B9D779ED-042E-4D53-AFD6-9CF7F9AEE67F}.Debug|x86.ActiveCfg = Debug|x86
		{B9D779ED-042E-4D53-AFD6-9CF7F9AEE67F}.Debug|x86.Build.0 = Debug|x86
		{B9D779ED-042E-4D53-AFD6-9CF7F9AEE67F}.Release|Any CPU.ActiveCfg = Release|x86
		{B9D779ED-042E-4D53-AFD6-9CF7F9AEE67F}.Release|Mixed Platforms.ActiveCfg = Release|x86
		{B9D779ED-042E-4D53-AFD6-9CF7F9AEE67F}.Release|Mixed Platforms.Build.0 = Release|x86
		{B9D779ED-042E-4D53-AFD6-9CF7F9AEE67F}.Release|x86.ActiveCfg = Release|x86
		{B9D779ED-042E-4D53-AFD6-9CF7F9AEE67F}.Release|x86.Build.0 = Release|x86
		{3EABA44C-4816-406F-A85C-CEE8A3B4B389}.Debug|Any CPU.ActiveCfg = Debug|x86
		{3EABA44C-4816-406F-A85C-CEE8A3B4B389}.Debug|Mixed Platforms.ActiveCfg = Debug|x86
		{3EABA44C-4816-406F-A85C-CEE8A3B4B389}.Debug|Mixed Platforms.Build.0 = Debug|x86
		{3EABA44C-4816-406F-A85C-CEE8A3B4B389}.Debug|x86.ActiveCfg = Debug|x86
		{3EABA44C-4816-406F-A85C-CEE8A3B4B389}.Debug|x86.Build.0 = Debug|x86
		{3EABA44C-4816-406F-A85C-CEE8A3B4B389}.Release|Any CPU.ActiveCfg = Release|x86
		{3EABA44C-4816-406F-A85C-CEE8A3B4B389}.Release|Mixed Platforms.ActiveCfg = Release|x86
		{3EABA44C-4816-406F-A85C-CEE8A3B4B389}.Release|Mixed Platforms.Build.0 = Release|x86
		{3EABA44C-4816-406F-A85C-CEE8A3B4B389}.Release|x86.ActiveCfg = Release|x86
		{3EABA44C-4816-406F-A85C-CEE8A3B4B389}.Release|x86.Build.0 = Release|x86
		{898E733D-C69D-492D-BCCC-A00C46935BEC}.Debug|Any CPU.ActiveCfg = Debug|x86
		{898E733D-C69D-492D-BCCC-A00C46935BEC}.Debug|Mixed Platforms.ActiveCfg = Debug|x86
		{898E733D-C69D-492D-BCCC-A00C46935BEC}.Debug|Mixed Platforms.Build.0 = Debug|x86
		{898E733D-C69D-492D-BCCC-A00C46935BEC}.Debug|x86.ActiveCfg = Debug|x86
		{898E733D-C69D-492D-BCCC-A00C46935BEC}.Debug|x86.Build.0 = Debug|x86
		{898E733D-C69D-492D-BCCC-A00C46935BEC}.Release|Any CPU.ActiveCfg = Release|x86
		{898E733D-C69D-492D-BCCC-A00C46935BEC}.Release|Mixed Platforms.ActiveCfg = Release|x86
		{898E733D-C69D-492D-BCCC-A00C46935BEC}.Release|Mixed Platforms.Build.0 = Release|x86
		{898E733D-C69D-492D-BCCC-A00C46935BEC}.Release|x86.ActiveCfg = Release|x86
		{898E733D-C69D-492D-BCCC-A00C46935BEC}.Release|x86.Build.0 = Release|x86
		{6258F9FE-F399-4F11-932F-B5E6F51CFC23}.Debug|Any CPU.ActiveCfg = Debug|x86
		{6258F9FE-F399-4F11-932F-B5E6F51CFC23}.Debug|Mixed Platforms.ActiveCfg = Debug|x86
		{6258F9FE-F399-4F11-932F-B5E6F51CFC23}.Debug|Mixed Platforms.Build.0 = Debug|x86
		{6258F9FE-F399-4F11-932F-B5E6F51CFC23}.Debug|x86.ActiveCfg = Debug|x86
		{6258F9FE-F399-4F11-932F-B5E6F51CFC23}.Debug|x86.Build.0 = Debug|x86
		{6258F9FE-F399-4F11-932F-B5E6F51CFC23}.Release|Any CPU.ActiveCfg = Release|x86
		{6258F9FE-F399-4F11-932F-B5E6F51CFC23}.Release|Mixed Platforms.ActiveCfg = Release|x86
		{6258F9FE-F399-4F11-932F-B5E6F51CFC23}.Release|Mixed Platforms.Build.0 = Release|x86
		{6258F9FE-F399-4F11-932F-B5E6F51CFC23}.Release|x86.ActiveCfg = Release|x86
		{6258F9FE-F399-4F11-932F-B5E6F51CFC23}.Release|x86.Build.0 = Release|x86
		{748E1E60-AA5B-42D1-9908-3995BBB4BE4B}.Debug|Any CPU.ActiveCfg = Debug|Any CPU
		{748E1E60-AA5B-42D1-9908-3995BBB4BE4B}.Debug|Any CPU.Build.0 = Debug|Any CPU
		{748E1E60-AA5B-42D1-9908-3995BBB4BE4B}.Debug|Mixed Platforms.ActiveCfg = Debug|Any CPU
		{748E1E60-AA5B-42D1-9908-3995BBB4BE4B}.Debug|Mixed Platforms.Build.0 = Debug|Any CPU
		{748E1E60-AA5B-42D1-9908-3995BBB4BE4B}.Debug|x86.ActiveCfg = Debug|Any CPU
		{748E1E60-AA5B-42D1-9908-3995BBB4BE4B}.Release|Any CPU.ActiveCfg = Release|Any CPU
		{748E1E60-AA5B-42D1-9908-3995BBB4BE4B}.Release|Any CPU.Build.0 = Release|Any CPU
		{748E1E60-AA5B-42D1-9908-3995BBB4BE4B}.Release|Mixed Platforms.ActiveCfg = Release|Any CPU
		{748E1E60-AA5B-42D1-9908-3995BBB4BE4B}.Release|Mixed Platforms.Build.0 = Release|Any CPU
		{748E1E60-AA5B-42D1-9908-3995BBB4BE4B}.Release|x86.ActiveCfg = Release|Any CPU
	EndGlobalSection
	GlobalSection(SolutionProperties) = preSolution
		HideSolutionNode = FALSE
	EndGlobalSection
EndGlobal
